<Solution>
  <Folder Name="/src/">
    <Project Path="src/AspireForm/AspireForm.csproj" />
  </Folder>
  <Folder Name="/src/Plugins/">
    <Project Path="src/Plugins/AspireForm.Plugin.Auth.ApiKey/AspireForm.Plugin.Auth.ApiKey.csproj" />
    <Project Path="src/Plugins/AspireForm.Plugin.Auth.Common/AspireForm.Plugin.Auth.Common.csproj" />
    <Project Path="src/Plugins/AspireForm.Plugin.Auth.Entra/AspireForm.Plugin.Auth.Entra.csproj" />
    <Project Path="src/Plugins/AspireForm.Plugin.Auth.MagicLink/AspireForm.Plugin.Auth.MagicLink.csproj" />
    <Project Path="src/Plugins/AspireForm.Plugin.DAB/AspireForm.Plugin.DAB.csproj" />
    <Project Path="src/Plugins/AspireForm.Plugin.ETL/AspireForm.Plugin.ETL.csproj" />
    <Project Path="src/Plugins/AspireForm.Plugin.Hangfire/AspireForm.Plugin.Hangfire.csproj" />
    <Project Path="src/Plugins/AspireForm.Plugin.Mailpit/AspireForm.Plugin.Mailpit.csproj" />
    <Project Path="src/Plugins/AspireForm.Plugin.Redis/AspireForm.Plugin.Redis.csproj" />
    <Project Path="src/Plugins/AspireForm.Plugin.Reporting/AspireForm.Plugin.Reporting.csproj" />
  </Folder>
  <Folder Name="/tests/">
    <Project Path="tests/AspireForm.Tests/AspireForm.Tests.csproj" />
  </Folder>
  <Folder Name="/tests/Plugins/">
    <Project Path="tests/Plugins/AspireForm.Plugin.Auth.ApiKey.Tests/AspireForm.Plugin.Auth.ApiKey.Tests.csproj" />
    <Project Path="tests/Plugins/AspireForm.Plugin.Auth.Common.Tests/AspireForm.Plugin.Auth.Common.Tests.csproj" />
    <Project Path="tests/Plugins/AspireForm.Plugin.Auth.Entra.Tests/AspireForm.Plugin.Auth.Entra.Tests.csproj" />
    <Project Path="tests/Plugins/AspireForm.Plugin.Auth.MagicLink.Tests/AspireForm.Plugin.Auth.MagicLink.Tests.csproj" />
    <Project Path="tests/Plugins/AspireForm.Plugin.DAB.Tests/AspireForm.Plugin.DAB.Tests.csproj" />
    <Project Path="tests/Plugins/AspireForm.Plugin.ETL.Tests/AspireForm.Plugin.ETL.Tests.csproj" />
    <Project Path="tests/Plugins/AspireForm.Plugin.Hangfire.Tests/AspireForm.Plugin.Hangfire.Tests.csproj" />
    <Project Path="tests/Plugins/AspireForm.Plugin.Mailpit.Tests/AspireForm.Plugin.Mailpit.Tests.csproj" />
    <Project Path="tests/Plugins/AspireForm.Plugin.Redis.Tests/AspireForm.Plugin.Redis.Tests.csproj" />
    <Project Path="tests/Plugins/AspireForm.Plugin.Reporting.Tests/AspireForm.Plugin.Reporting.Tests.csproj" />
  </Folder>
</Solution>
