<Solution>
  <Folder Name="/src/">
    <Project Path="src/AspireForm/AspireForm.csproj" />
  </Folder>
  <Folder Name="/src/Plugins/">
    <Project Path="src/Plugins/AspireForm.Plugin.Hangfire/AspireForm.Plugin.Hangfire.csproj" />
    <Project Path="src/Plugins/AspireForm.Plugin.Mailpit/AspireForm.Plugin.Mailpit.csproj" />
    <Project Path="src/Plugins/AspireForm.Plugin.Redis/AspireForm.Plugin.Redis.csproj" />
  </Folder>
  <Folder Name="/tests/">
    <Project Path="tests/AspireForm.Tests/AspireForm.Tests.csproj" />
  </Folder>
  <Folder Name="/tests/Plugins/">
    <Project Path="tests/Plugins/AspireForm.Plugin.Hangfire.Tests/AspireForm.Plugin.Hangfire.Tests.csproj" />
    <Project Path="tests/Plugins/AspireForm.Plugin.Mailpit.Tests/AspireForm.Plugin.Mailpit.Tests.csproj" />
    <Project Path="tests/Plugins/AspireForm.Plugin.Redis.Tests/AspireForm.Plugin.Redis.Tests.csproj" />
  </Folder>
</Solution>
